
Microsoft Visual Studio Solution File, Format Version 12.00
# Visual Studio Version 16
VisualStudioVersion = 16.0.32413.511
MinimumVisualStudioVersion = 10.0.40219.1
Project("{2150E333-8FDC-42A3-9474-1A3956D46DE8}") = "Services", "Services", "{FB417BAF-F9DF-4D1D-9526-923C8412085F}"
EndProject
Project("{2150E333-8FDC-42A3-9474-1A3956D46DE8}") = "Catalog", "Catalog", "{FC8E712F-74BA-41AB-A4BC-5DEEC3B553DA}"
EndProject
Project("{2150E333-8FDC-42A3-9474-1A3956D46DE8}") = "Solution Items", "Solution Items", "{DC3530E9-40F7-4E6B-A74D-E85B0B5C550F}"
	ProjectSection(SolutionItems) = preProject
		Ports.txt = Ports.txt
	EndProjectSection
EndProject
Project("{9A19103F-16F7-4668-BE54-9A1E7A4F7556}") = "CatalogAPI", "Catalog\CatalogAPI\CatalogAPI.csproj", "{2A699699-BEFB-42C0-9054-5B06F24F39FE}"
EndProject
Project("{2150E333-8FDC-42A3-9474-1A3956D46DE8}") = "Shared", "Shared", "{9C368214-A444-4FA1-8D6B-88552F086155}"
EndProject
Project("{9A19103F-16F7-4668-BE54-9A1E7A4F7556}") = "Shared", "Shared\Shared\Shared.csproj", "{E9F825E0-C2A2-4D08-AFB6-881E0095BD33}"
EndProject
Project("{2150E333-8FDC-42A3-9474-1A3956D46DE8}") = "IdentityServer", "IdentityServer", "{A2D88236-C59D-48FF-8E0E-B08D1F95CAD3}"
EndProject
Project("{9A19103F-16F7-4668-BE54-9A1E7A4F7556}") = "IdentityServerManagement", "IdentityServer\IdentityServerManagement\IdentityServerManagement.csproj", "{A8B1C986-FF7E-423F-92F9-E8BF48A430CB}"
EndProject
Project("{2150E333-8FDC-42A3-9474-1A3956D46DE8}") = "PhotoStock", "PhotoStock", "{585FA5D4-D0F2-4C89-814E-4DA02A443D59}"
EndProject
Project("{9A19103F-16F7-4668-BE54-9A1E7A4F7556}") = "PhotoStockAPI", "PhotoStock\PhotoStockAPI\PhotoStockAPI.csproj", "{C1403978-4660-4656-8189-48A685B5CA2D}"
EndProject
Project("{2150E333-8FDC-42A3-9474-1A3956D46DE8}") = "General", "General", "{7D5FE84C-2403-467C-B522-CFF3FF8396DD}"
	ProjectSection(SolutionItems) = preProject
		General\Ekran görüntüsü 2022-04-30 162412.png = General\Ekran görüntüsü 2022-04-30 162412.png
		General\Ekran görüntüsü 2022-04-30 195502.png = General\Ekran görüntüsü 2022-04-30 195502.png
		General\Ekran görüntüsü 2022-04-30 195530.png = General\Ekran görüntüsü 2022-04-30 195530.png
		General\Ekran görüntüsü 2022-04-30 195608.png = General\Ekran görüntüsü 2022-04-30 195608.png
		General\Ekran görüntüsü 2022-04-30 195641.png = General\Ekran görüntüsü 2022-04-30 195641.png
		General\Ekran görüntüsü 2022-04-30 195738.png = General\Ekran görüntüsü 2022-04-30 195738.png
		General\Ekran görüntüsü 2022-05-01 155354.png = General\Ekran görüntüsü 2022-05-01 155354.png
		General\Ekran görüntüsü 2022-05-01 155646.png = General\Ekran görüntüsü 2022-05-01 155646.png
		General\Ekran görüntüsü 2022-05-01 160625.png = General\Ekran görüntüsü 2022-05-01 160625.png
		General\Ekran görüntüsü 2022-05-01 160636.png = General\Ekran görüntüsü 2022-05-01 160636.png
	EndProjectSection
EndProject
Project("{2150E333-8FDC-42A3-9474-1A3956D46DE8}") = "Basket", "Basket", "{056A2DCE-4555-408B-A773-B31BF1242201}"
EndProject
Project("{9A19103F-16F7-4668-BE54-9A1E7A4F7556}") = "BasketAPI", "Basket\BasketAPI\BasketAPI.csproj", "{731FF250-E44A-4E81-B632-5F13F2913FC7}"
EndProject
Project("{2150E333-8FDC-42A3-9474-1A3956D46DE8}") = "Discount", "Discount", "{FE973DAF-7645-4276-A663-E1CD06EAD98F}"
EndProject
Project("{9A19103F-16F7-4668-BE54-9A1E7A4F7556}") = "DiscountAPI", "Discount\DiscountAPI\DiscountAPI.csproj", "{BD77FD20-6D7C-4C90-B0DC-2694F5830990}"
EndProject
Project("{2150E333-8FDC-42A3-9474-1A3956D46DE8}") = "Order", "Order", "{3CAE5F1A-213F-46FF-90A9-2FD9275C01E0}"
EndProject
Project("{9A19103F-16F7-4668-BE54-9A1E7A4F7556}") = "OrderAPI", "Order\OrderAPI\OrderAPI.csproj", "{16A43361-3C26-41DE-A777-0CE8D9587015}"
EndProject
Project("{9A19103F-16F7-4668-BE54-9A1E7A4F7556}") = "OrderApplication", "Order\OrderApplication\OrderApplication.csproj", "{023F58F4-05C5-428A-9B56-A7D7D3807605}"
EndProject
Project("{9A19103F-16F7-4668-BE54-9A1E7A4F7556}") = "OrderDomain", "Order\OrderDomain\OrderDomain.csproj", "{BF88FB5A-2219-4472-BB83-E2A8490C8095}"
EndProject
Project("{9A19103F-16F7-4668-BE54-9A1E7A4F7556}") = "OrderDomainCore", "Order\OrderDomainCore\OrderDomainCore.csproj", "{498F1BC3-DABD-4176-892C-16D0FE0A26EE}"
EndProject
Project("{9A19103F-16F7-4668-BE54-9A1E7A4F7556}") = "OrderInfrastructure", "OrderInfrastructure\OrderInfrastructure.csproj", "{4A6ECD69-9228-46B7-A1CD-BE044A80DE63}"
EndProject
Project("{2150E333-8FDC-42A3-9474-1A3956D46DE8}") = "Payment", "Payment", "{3BA55F98-25FC-4A60-ACBA-499B75E24832}"
EndProject
Project("{9A19103F-16F7-4668-BE54-9A1E7A4F7556}") = "PaymentAPI", "Payment\PaymentAPI\PaymentAPI.csproj", "{DE0C59EE-7450-4371-BD88-49EC8EAADA92}"
EndProject
Project("{2150E333-8FDC-42A3-9474-1A3956D46DE8}") = "Gateways", "Gateways", "{2E2D2C71-9B46-4193-B521-8FBCBBCB52C6}"
EndProject
Project("{FAE04EC0-301F-11D3-BF4B-00C04F79EFBC}") = "Gateway", "Gateways\Gateway\Gateway.csproj", "{24135EA1-91CF-47E6-86F3-146EED042EF7}"
EndProject
Project("{2150E333-8FDC-42A3-9474-1A3956D46DE8}") = "Frontends", "Frontends", "{0485B973-F362-43CD-A19C-BB9C1B7511C4}"
EndProject
Project("{FAE04EC0-301F-11D3-BF4B-00C04F79EFBC}") = "MVCWeb", "Frontends\MVCWeb\MVCWeb.csproj", "{F9064CAA-2A69-41D3-A75C-800804F6C5B4}"
EndProject
Global
	GlobalSection(SolutionConfigurationPlatforms) = preSolution
		Debug|Any CPU = Debug|Any CPU
		Release|Any CPU = Release|Any CPU
	EndGlobalSection
	GlobalSection(ProjectConfigurationPlatforms) = postSolution
		{2A699699-BEFB-42C0-9054-5B06F24F39FE}.Debug|Any CPU.ActiveCfg = Debug|Any CPU
		{2A699699-BEFB-42C0-9054-5B06F24F39FE}.Debug|Any CPU.Build.0 = Debug|Any CPU
		{2A699699-BEFB-42C0-9054-5B06F24F39FE}.Release|Any CPU.ActiveCfg = Release|Any CPU
		{2A699699-BEFB-42C0-9054-5B06F24F39FE}.Release|Any CPU.Build.0 = Release|Any CPU
		{E9F825E0-C2A2-4D08-AFB6-881E0095BD33}.Debug|Any CPU.ActiveCfg = Debug|Any CPU
		{E9F825E0-C2A2-4D08-AFB6-881E0095BD33}.Debug|Any CPU.Build.0 = Debug|Any CPU
		{E9F825E0-C2A2-4D08-AFB6-881E0095BD33}.Release|Any CPU.ActiveCfg = Release|Any CPU
		{E9F825E0-C2A2-4D08-AFB6-881E0095BD33}.Release|Any CPU.Build.0 = Release|Any CPU
		{A8B1C986-FF7E-423F-92F9-E8BF48A430CB}.Debug|Any CPU.ActiveCfg = Debug|Any CPU
		{A8B1C986-FF7E-423F-92F9-E8BF48A430CB}.Debug|Any CPU.Build.0 = Debug|Any CPU
		{A8B1C986-FF7E-423F-92F9-E8BF48A430CB}.Release|Any CPU.ActiveCfg = Release|Any CPU
		{A8B1C986-FF7E-423F-92F9-E8BF48A430CB}.Release|Any CPU.Build.0 = Release|Any CPU
		{C1403978-4660-4656-8189-48A685B5CA2D}.Debug|Any CPU.ActiveCfg = Debug|Any CPU
		{C1403978-4660-4656-8189-48A685B5CA2D}.Debug|Any CPU.Build.0 = Debug|Any CPU
		{C1403978-4660-4656-8189-48A685B5CA2D}.Release|Any CPU.ActiveCfg = Release|Any CPU
		{C1403978-4660-4656-8189-48A685B5CA2D}.Release|Any CPU.Build.0 = Release|Any CPU
		{731FF250-E44A-4E81-B632-5F13F2913FC7}.Debug|Any CPU.ActiveCfg = Debug|Any CPU
		{731FF250-E44A-4E81-B632-5F13F2913FC7}.Debug|Any CPU.Build.0 = Debug|Any CPU
		{731FF250-E44A-4E81-B632-5F13F2913FC7}.Release|Any CPU.ActiveCfg = Release|Any CPU
		{731FF250-E44A-4E81-B632-5F13F2913FC7}.Release|Any CPU.Build.0 = Release|Any CPU
		{BD77FD20-6D7C-4C90-B0DC-2694F5830990}.Debug|Any CPU.ActiveCfg = Debug|Any CPU
		{BD77FD20-6D7C-4C90-B0DC-2694F5830990}.Debug|Any CPU.Build.0 = Debug|Any CPU
		{BD77FD20-6D7C-4C90-B0DC-2694F5830990}.Release|Any CPU.ActiveCfg = Release|Any CPU
		{BD77FD20-6D7C-4C90-B0DC-2694F5830990}.Release|Any CPU.Build.0 = Release|Any CPU
		{16A43361-3C26-41DE-A777-0CE8D9587015}.Debug|Any CPU.ActiveCfg = Debug|Any CPU
		{16A43361-3C26-41DE-A777-0CE8D9587015}.Debug|Any CPU.Build.0 = Debug|Any CPU
		{16A43361-3C26-41DE-A777-0CE8D9587015}.Release|Any CPU.ActiveCfg = Release|Any CPU
		{16A43361-3C26-41DE-A777-0CE8D9587015}.Release|Any CPU.Build.0 = Release|Any CPU
		{023F58F4-05C5-428A-9B56-A7D7D3807605}.Debug|Any CPU.ActiveCfg = Debug|Any CPU
		{023F58F4-05C5-428A-9B56-A7D7D3807605}.Debug|Any CPU.Build.0 = Debug|Any CPU
		{023F58F4-05C5-428A-9B56-A7D7D3807605}.Release|Any CPU.ActiveCfg = Release|Any CPU
		{023F58F4-05C5-428A-9B56-A7D7D3807605}.Release|Any CPU.Build.0 = Release|Any CPU
		{BF88FB5A-2219-4472-BB83-E2A8490C8095}.Debug|Any CPU.ActiveCfg = Debug|Any CPU
		{BF88FB5A-2219-4472-BB83-E2A8490C8095}.Debug|Any CPU.Build.0 = Debug|Any CPU
		{BF88FB5A-2219-4472-BB83-E2A8490C8095}.Release|Any CPU.ActiveCfg = Release|Any CPU
		{BF88FB5A-2219-4472-BB83-E2A8490C8095}.Release|Any CPU.Build.0 = Release|Any CPU
		{498F1BC3-DABD-4176-892C-16D0FE0A26EE}.Debug|Any CPU.ActiveCfg = Debug|Any CPU
		{498F1BC3-DABD-4176-892C-16D0FE0A26EE}.Debug|Any CPU.Build.0 = Debug|Any CPU
		{498F1BC3-DABD-4176-892C-16D0FE0A26EE}.Release|Any CPU.ActiveCfg = Release|Any CPU
		{498F1BC3-DABD-4176-892C-16D0FE0A26EE}.Release|Any CPU.Build.0 = Release|Any CPU
		{4A6ECD69-9228-46B7-A1CD-BE044A80DE63}.Debug|Any CPU.ActiveCfg = Debug|Any CPU
		{4A6ECD69-9228-46B7-A1CD-BE044A80DE63}.Debug|Any CPU.Build.0 = Debug|Any CPU
		{4A6ECD69-9228-46B7-A1CD-BE044A80DE63}.Release|Any CPU.ActiveCfg = Release|Any CPU
		{4A6ECD69-9228-46B7-A1CD-BE044A80DE63}.Release|Any CPU.Build.0 = Release|Any CPU
		{DE0C59EE-7450-4371-BD88-49EC8EAADA92}.Debug|Any CPU.ActiveCfg = Debug|Any CPU
		{DE0C59EE-7450-4371-BD88-49EC8EAADA92}.Debug|Any CPU.Build.0 = Debug|Any CPU
		{DE0C59EE-7450-4371-BD88-49EC8EAADA92}.Release|Any CPU.ActiveCfg = Release|Any CPU
		{DE0C59EE-7450-4371-BD88-49EC8EAADA92}.Release|Any CPU.Build.0 = Release|Any CPU
		{24135EA1-91CF-47E6-86F3-146EED042EF7}.Debug|Any CPU.ActiveCfg = Debug|Any CPU
		{24135EA1-91CF-47E6-86F3-146EED042EF7}.Debug|Any CPU.Build.0 = Debug|Any CPU
		{24135EA1-91CF-47E6-86F3-146EED042EF7}.Release|Any CPU.ActiveCfg = Release|Any CPU
		{24135EA1-91CF-47E6-86F3-146EED042EF7}.Release|Any CPU.Build.0 = Release|Any CPU
		{F9064CAA-2A69-41D3-A75C-800804F6C5B4}.Debug|Any CPU.ActiveCfg = Debug|Any CPU
		{F9064CAA-2A69-41D3-A75C-800804F6C5B4}.Debug|Any CPU.Build.0 = Debug|Any CPU
		{F9064CAA-2A69-41D3-A75C-800804F6C5B4}.Release|Any CPU.ActiveCfg = Release|Any CPU
		{F9064CAA-2A69-41D3-A75C-800804F6C5B4}.Release|Any CPU.Build.0 = Release|Any CPU
	EndGlobalSection
	GlobalSection(SolutionProperties) = preSolution
		HideSolutionNode = FALSE
	EndGlobalSection
	GlobalSection(NestedProjects) = preSolution
		{FC8E712F-74BA-41AB-A4BC-5DEEC3B553DA} = {FB417BAF-F9DF-4D1D-9526-923C8412085F}
		{2A699699-BEFB-42C0-9054-5B06F24F39FE} = {FC8E712F-74BA-41AB-A4BC-5DEEC3B553DA}
		{E9F825E0-C2A2-4D08-AFB6-881E0095BD33} = {9C368214-A444-4FA1-8D6B-88552F086155}
		{A8B1C986-FF7E-423F-92F9-E8BF48A430CB} = {A2D88236-C59D-48FF-8E0E-B08D1F95CAD3}
		{585FA5D4-D0F2-4C89-814E-4DA02A443D59} = {FB417BAF-F9DF-4D1D-9526-923C8412085F}
		{C1403978-4660-4656-8189-48A685B5CA2D} = {585FA5D4-D0F2-4C89-814E-4DA02A443D59}
		{7D5FE84C-2403-467C-B522-CFF3FF8396DD} = {DC3530E9-40F7-4E6B-A74D-E85B0B5C550F}
		{056A2DCE-4555-408B-A773-B31BF1242201} = {FB417BAF-F9DF-4D1D-9526-923C8412085F}
		{731FF250-E44A-4E81-B632-5F13F2913FC7} = {056A2DCE-4555-408B-A773-B31BF1242201}
		{FE973DAF-7645-4276-A663-E1CD06EAD98F} = {FB417BAF-F9DF-4D1D-9526-923C8412085F}
		{BD77FD20-6D7C-4C90-B0DC-2694F5830990} = {FE973DAF-7645-4276-A663-E1CD06EAD98F}
		{3CAE5F1A-213F-46FF-90A9-2FD9275C01E0} = {FB417BAF-F9DF-4D1D-9526-923C8412085F}
		{16A43361-3C26-41DE-A777-0CE8D9587015} = {3CAE5F1A-213F-46FF-90A9-2FD9275C01E0}
		{023F58F4-05C5-428A-9B56-A7D7D3807605} = {3CAE5F1A-213F-46FF-90A9-2FD9275C01E0}
		{BF88FB5A-2219-4472-BB83-E2A8490C8095} = {3CAE5F1A-213F-46FF-90A9-2FD9275C01E0}
		{498F1BC3-DABD-4176-892C-16D0FE0A26EE} = {3CAE5F1A-213F-46FF-90A9-2FD9275C01E0}
		{4A6ECD69-9228-46B7-A1CD-BE044A80DE63} = {3CAE5F1A-213F-46FF-90A9-2FD9275C01E0}
		{3BA55F98-25FC-4A60-ACBA-499B75E24832} = {FB417BAF-F9DF-4D1D-9526-923C8412085F}
		{DE0C59EE-7450-4371-BD88-49EC8EAADA92} = {3BA55F98-25FC-4A60-ACBA-499B75E24832}
		{24135EA1-91CF-47E6-86F3-146EED042EF7} = {2E2D2C71-9B46-4193-B521-8FBCBBCB52C6}
		{F9064CAA-2A69-41D3-A75C-800804F6C5B4} = {0485B973-F362-43CD-A19C-BB9C1B7511C4}
	EndGlobalSection
	GlobalSection(ExtensibilityGlobals) = postSolution
		SolutionGuid = {A94971C4-4F84-40D7-958E-09D5CFF1B74A}
	EndGlobalSection
EndGlobal
